
Microsoft Visual Studio Solution File, Format Version 12.00
# Visual Studio Version 16
VisualStudioVersion = 16.0.29009.5
MinimumVisualStudioVersion = 10.0.40219.1
Project("{FAE04EC0-301F-11D3-BF4B-00C04F79EFBC}") = "eCommerceMc", "eCommerceMc\eCommerceMc.csproj", "{FD630F3D-86EB-4341-971D-57E81B133442}"
EndProject
Global
	GlobalSection(SolutionConfigurationPlatforms) = preSolution
		Debug|Any CPU = Debug|Any CPU
		Release|Any CPU = Release|Any CPU
	EndGlobalSection
	GlobalSection(ProjectConfigurationPlatforms) = postSolution
		{FD630F3D-86EB-4341-971D-57E81B133442}.Debug|Any CPU.ActiveCfg = Debug|Any CPU
		{FD630F3D-86EB-4341-971D-57E81B133442}.Debug|Any CPU.Build.0 = Debug|Any CPU
		{FD630F3D-86EB-4341-971D-57E81B133442}.Release|Any CPU.ActiveCfg = Release|Any CPU
		{FD630F3D-86EB-4341-971D-57E81B133442}.Release|Any CPU.Build.0 = Release|Any CPU
	EndGlobalSection
	GlobalSection(SolutionProperties) = preSolution
		HideSolutionNode = FALSE
	EndGlobalSection
	GlobalSection(ExtensibilityGlobals) = postSolution
		SolutionGuid = {20ED328A-3402-4CF4-BE47-F9291544D245}
	EndGlobalSection
EndGlobal
